// !$*UTF8*$!
{
	archiveVersion = 1;
	classes = {
	};
	objectVersion = 46;
	objects = {

/* Begin PBXBuildFile section */
		BDF12AEC1D33017D009B5AF4 /* AppDelegate.swift in Sources */ = {isa = PBXBuildFile; fileRef = BDF12AEB1D33017D009B5AF4 /* AppDelegate.swift */; };
		BDF12AEE1D33017D009B5AF4 /* ViewController.swift in Sources */ = {isa = PBXBuildFile; fileRef = BDF12AED1D33017D009B5AF4 /* ViewController.swift */; };
		BDF12AF11D33017D009B5AF4 /* Main.storyboard in Resources */ = {isa = PBXBuildFile; fileRef = BDF12AEF1D33017D009B5AF4 /* Main.storyboard */; };
		BDF12AF31D33017D009B5AF4 /* Assets.xcassets in Resources */ = {isa = PBXBuildFile; fileRef = BDF12AF21D33017D009B5AF4 /* Assets.xcassets */; };
		BDF12AF61D33017D009B5AF4 /* LaunchScreen.storyboard in Resources */ = {isa = PBXBuildFile; fileRef = BDF12AF41D33017D009B5AF4 /* LaunchScreen.storyboard */; };
/* End PBXBuildFile section */

/* Begin PBXFileReference section */
		BDF12AE81D33017D009B5AF4 /* ios.app */ = {isa = PBXFileReference; explicitFileType = wrapper.application; includeInIndex = 0; path = ios.app; sourceTree = BUILT_PRODUCTS_DIR; };
		BDF12AEB1D33017D009B5AF4 /* AppDelegate.swift */ = {isa = PBXFileReference; lastKnownFileType = sourcecode.swift; path = AppDelegate.swift; sourceTree = "<group>"; };
		BDF12AED1D33017D009B5AF4 /* ViewController.swift */ = {isa = PBXFileReference; lastKnownFileType = sourcecode.swift; path = ViewController.swift; sourceTree = "<group>"; };
		BDF12AF01D33017D009B5AF4 /* Base */ = {isa = PBXFileReference; lastKnownFileType = file.storyboard; name = Base; path = Base.lproj/Main.storyboard; sourceTree = "<group>"; };
		BDF12AF21D33017D009B5AF4 /* Assets.xcassets */ = {isa = PBXFileReference; lastKnownFileType = folder.assetcatalog; path = Assets.xcassets; sourceTree = "<group>"; };
		BDF12AF51D33017D009B5AF4 /* Base */ = {isa = PBXFileReference; lastKnownFileType = file.storyboard; name = Base; path = Base.lproj/LaunchScreen.storyboard; sourceTree = "<group>"; };
		BDF12AF71D33017D009B5AF4 /* Info.plist */ = {isa = PBXFileReference; lastKnownFileType = text.plist.xml; path = Info.plist; sourceTree = "<group>"; };
/* End PBXFileReference section */

/* Begin PBXFrameworksBuildPhase section */
		BDF12AE51D33017D009B5AF4 /* Frameworks */ = {
			isa = PBXFrameworksBuildPhase;
			buildActionMask = 2147483647;
			files = (
			);
			runOnlyForDeploymentPostprocessing = 0;
		};
/* End PBXFrameworksBuildPhase section */

/* Begin PBXGroup section */
		BDF12ADF1D33017D009B5AF4 = {
			isa = PBXGroup;
			children = (
				BDF12AEA1D33017D009B5AF4 /* ios */,
				BDF12AE91D33017D009B5AF4 /* Products */,
			);
			sourceTree = "<group>";
		};
		BDF12AE91D33017D009B5AF4 /* Products */ = {
			isa = PBXGroup;
			children = (
				BDF12AE81D33017D009B5AF4 /* ios.app */,
			);
			name = Products;
			sourceTree = "<group>";
		};
		BDF12AEA1D33017D009B5AF4 /* ios */ = {
			isa = PBXGroup;
			children = (
				BDF12AEB1D33017D009B5AF4 /* AppDelegate.swift */,
				BDF12AED1D33017D009B5AF4 /* ViewController.swift */,
				BDF12AEF1D33017D009B5AF4 /* Main.storyboard */,
				BDF12AF21D33017D009B5AF4 /* Assets.xcassets */,
				BDF12AF41D33017D009B5AF4 /* LaunchScreen.storyboard */,
				BDF12AF71D33017D009B5AF4 /* Info.plist */,
			);
			path = ios;
			sourceTree = "<group>";
		};
/* End PBXGroup section */

/* Begin PBXNativeTarget section */
		BDF12AE71D33017D009B5AF4 /* ios */ = {
			isa = PBXNativeTarget;
			buildConfigurationList = BDF12AFA1D33017D009B5AF4 /* Build configuration list for PBXNativeTarget "ios" */;
			buildPhases = (
				BDF12AE41D33017D009B5AF4 /* Sources */,
				BDF12AE51D33017D009B5AF4 /* Frameworks */,
				BDF12AE61D33017D009B5AF4 /* Resources */,
			);
			buildRules = (
			);
			dependencies = (
			);
			name = ios;
			productName = ios;
			productReference = BDF12AE81D33017D009B5AF4 /* ios.app */;
			productType = "com.apple.product-type.application";
		};
/* End PBXNativeTarget section */

/* Begin PBXProject section */
		BDF12AE01D33017D009B5AF4 /* Project object */ = {
			isa = PBXProject;
			attributes = {
				LastSwiftUpdateCheck = 0730;
				LastUpgradeCheck = 0730;
				ORGANIZATIONNAME = "Asoom Al-marrikhi";
				TargetAttributes = {
					BDF12AE71D33017D009B5AF4 = {
						CreatedOnToolsVersion = 7.3.1;
						DevelopmentTeam = VGM273UQ7T;
					};
				};
			};
			buildConfigurationList = BDF12AE31D33017D009B5AF4 /* Build configuration list for PBXProject "ios" */;
			compatibilityVersion = "Xcode 3.2";
			developmentRegion = English;
			hasScannedForEncodings = 0;
			knownRegions = (
				en,
				Base,
			);
			mainGroup = BDF12ADF1D33017D009B5AF4;
			productRefGroup = BDF12AE91D33017D009B5AF4 /* Products */;
			projectDirPath = "";
			projectRoot = "";
			targets = (
				BDF12AE71D33017D009B5AF4 /* ios */,
			);
		};
/* End PBXProject section */

/* Begin PBXResourcesBuildPhase section */
		BDF12AE61D33017D009B5AF4 /* Resources */ = {
			isa = PBXResourcesBuildPhase;
			buildActionMask = 2147483647;
			files = (
				BDF12AF61D33017D009B5AF4 /* LaunchScreen.storyboard in Resources */,
				BDF12AF31D33017D009B5AF4 /* Assets.xcassets in Resources */,
				BDF12AF11D33017D009B5AF4 /* Main.storyboard in Resources */,
			);
			runOnlyForDeploymentPostprocessing = 0;
		};
/* End PBXResourcesBuildPhase section */

/* Begin PBXSourcesBuildPhase section */
		BDF12AE41D33017D009B5AF4 /* Sources */ = {
			isa = PBXSourcesBuildPhase;
			buildActionMask = 2147483647;
			files = (
				BDF12AEE1D33017D009B5AF4 /* ViewController.swift in Sources */,
				BDF12AEC1D33017D009B5AF4 /* AppDelegate.swift in Sources */,
			);
			runOnlyForDeploymentPostprocessing = 0;
		};
/* End PBXSourcesBuildPhase section */

/* Begin PBXVariantGroup section */
		BDF12AEF1D33017D009B5AF4 /* Main.storyboard */ = {
			isa = PBXVariantGroup;
			children = (
				BDF12AF01D33017D009B5AF4 /* Base */,
			);
			name = Main.storyboard;
			sourceTree = "<group>";
		};
		BDF12AF41D33017D009B5AF4 /* LaunchScreen.storyboard */ = {
			isa = PBXVariantGroup;
			children = (
				BDF12AF51D33017D009B5AF4 /* Base */,
			);
			name = LaunchScreen.storyboard;
			sourceTree = "<group>";
		};
/* End PBXVariantGroup section */

/* Begin XCBuildConfiguration section */
		BDF12AF81D33017D009B5AF4 /* Debug */ = {
			isa = XCBuildConfiguration;
			buildSettings = {
				ALWAYS_SEARCH_USER_PATHS = NO;
				CLANG_ANALYZER_NONNULL = YES;
				CLANG_CXX_LANGUAGE_STANDARD = "gnu++0x";
				CLANG_CXX_LIBRARY = "libc++";
				CLANG_ENABLE_MODULES = YES;
				CLANG_ENABLE_OBJC_ARC = YES;
				CLANG_WARN_BOOL_CONVERSION = YES;
				CLANG_WARN_CONSTANT_CONVERSION = YES;
				CLANG_WARN_DIRECT_OBJC_ISA_USAGE = YES_ERROR;
				CLANG_WARN_EMPTY_BODY = YES;
				CLANG_WARN_ENUM_CONVERSION = YES;
				CLANG_WARN_INT_CONVERSION = YES;
				CLANG_WARN_OBJC_ROOT_CLASS = YES_ERROR;
				CLANG_WARN_UNREACHABLE_CODE = YES;
				CLANG_WARN__DUPLICATE_METHOD_MATCH = YES;
				"CODE_SIGN_IDENTITY[sdk=iphoneos*]" = "iPhone Developer";
				COPY_PHASE_STRIP = NO;
				DEBUG_INFORMATION_FORMAT = dwarf;
				ENABLE_STRICT_OBJC_MSGSEND = YES;
				ENABLE_TESTABILITY = YES;
				GCC_C_LANGUAGE_STANDARD = gnu99;
				GCC_DYNAMIC_NO_PIC = NO;
				GCC_NO_COMMON_BLOCKS = YES;
				GCC_OPTIMIZATION_LEVEL = 0;
				GCC_PREPROCESSOR_DEFINITIONS = (
					"DEBUG=1",
					"$(inherited)",
				);
				GCC_WARN_64_TO_32_BIT_CONVERSION = YES;
				GCC_WARN_ABOUT_RETURN_TYPE = YES_ERROR;
				GCC_WARN_UNDECLARED_SELECTOR = YES;
				GCC_WARN_UNINITIALIZED_AUTOS = YES_AGGRESSIVE;
				GCC_WARN_UNUSED_FUNCTION = YES;
				GCC_WARN_UNUSED_VARIABLE = YES;
				IPHONEOS_DEPLOYMENT_TARGET = 9.3;
				MTL_ENABLE_DEBUG_INFO = YES;
				ONLY_ACTIVE_ARCH = YES;
				SDKROOT = iphoneos;
				SWIFT_OPTIMIZATION_LEVEL = "-Onone";
			};
			name = Debug;
		};
		BDF12AF91D33017D009B5AF4 /* Release */ = {
			isa = XCBuildConfiguration;
			buildSettings = {
				ALWAYS_SEARCH_USER_PATHS = NO;
				CLANG_ANALYZER_NONNULL = YES;
				CLANG_CXX_LANGUAGE_STANDARD = "gnu++0x";
				CLANG_CXX_LIBRARY = "libc++";
				CLANG_ENABLE_MODULES = YES;
				CLANG_ENABLE_OBJC_ARC = YES;
				CLANG_WARN_BOOL_CONVERSION = YES;
				CLANG_WARN_CONSTANT_CONVERSION = YES;
				CLANG_WARN_DIRECT_OBJC_ISA_USAGE = YES_ERROR;
				CLANG_WARN_EMPTY_BODY = YES;
				CLANG_WARN_ENUM_CONVERSION = YES;
				CLANG_WARN_INT_CONVERSION = YES;
				CLANG_WARN_OBJC_ROOT_CLASS = YES_ERROR;
				CLANG_WARN_UNREACHABLE_CODE = YES;
				CLANG_WARN__DUPLICATE_METHOD_MATCH = YES;
				"CODE_SIGN_IDENTITY[sdk=iphoneos*]" = "iPhone Developer";
				COPY_PHASE_STRIP = NO;
				DEBUG_INFORMATION_FORMAT = "dwarf-with-dsym";
				ENABLE_NS_ASSERTIONS = NO;
				ENABLE_STRICT_OBJC_MSGSEND = YES;
				GCC_C_LANGUAGE_STANDARD = gnu99;
				GCC_NO_COMMON_BLOCKS = YES;
				GCC_WARN_64_TO_32_BIT_CONVERSION = YES;
				GCC_WARN_ABOUT_RETURN_TYPE = YES_ERROR;
				GCC_WARN_UNDECLARED_SELECTOR = YES;
				GCC_WARN_UNINITIALIZED_AUTOS = YES_AGGRESSIVE;
				GCC_WARN_UNUSED_FUNCTION = YES;
				GCC_WARN_UNUSED_VARIABLE = YES;
				IPHONEOS_DEPLOYMENT_TARGET = 9.3;
				MTL_ENABLE_DEBUG_INFO = NO;
				SDKROOT = iphoneos;
				VALIDATE_PRODUCT = YES;
			};
			name = Release;
		};
		BDF12AFB1D33017D009B5AF4 /* Debug */ = {
			isa = XCBuildConfiguration;
			buildSettings = {
				ASSETCATALOG_COMPILER_APPICON_NAME = AppIcon;
				INFOPLIST_FILE = ios/Info.plist;
				LD_RUNPATH_SEARCH_PATHS = "$(inherited) @executable_path/Frameworks";
				PRODUCT_BUNDLE_IDENTIFIER = com.ios;
				PRODUCT_NAME = "$(TARGET_NAME)";
			};
			name = Debug;
		};
		BDF12AFC1D33017D009B5AF4 /* Release */ = {
			isa = XCBuildConfiguration;
			buildSettings = {
				ASSETCATALOG_COMPILER_APPICON_NAME = AppIcon;
				INFOPLIST_FILE = ios/Info.plist;
				LD_RUNPATH_SEARCH_PATHS = "$(inherited) @executable_path/Frameworks";
				PRODUCT_BUNDLE_IDENTIFIER = com.ios;
				PRODUCT_NAME = "$(TARGET_NAME)";
			};
			name = Release;
		};
/* End XCBuildConfiguration section */

/* Begin XCConfigurationList section */
		BDF12AE31D33017D009B5AF4 /* Build configuration list for PBXProject "ios" */ = {
			isa = XCConfigurationList;
			buildConfigurations = (
				BDF12AF81D33017D009B5AF4 /* Debug */,
				BDF12AF91D33017D009B5AF4 /* Release */,
			);
			defaultConfigurationIsVisible = 0;
			defaultConfigurationName = Release;
		};
		BDF12AFA1D33017D009B5AF4 /* Build configuration list for PBXNativeTarget "ios" */ = {
			isa = XCConfigurationList;
			buildConfigurations = (
				BDF12AFB1D33017D009B5AF4 /* Debug */,
				BDF12AFC1D33017D009B5AF4 /* Release */,
			);
			defaultConfigurationIsVisible = 0;
		};
/* End XCConfigurationList section */
	};
	rootObject = BDF12AE01D33017D009B5AF4 /* Project object */;
}
